
Microsoft Visual Studio Solution File, Format Version 12.00
# Visual Studio Version 17
VisualStudioVersion = 17.8.34408.163
MinimumVisualStudioVersion = 10.0.40219.1
Project("{9A19103F-16F7-4668-BE54-9A1E7A4F7556}") = "TreatsAndTails", "TreatsAndTails.csproj", "{7C545AFC-02DD-4E6D-84A4-7C3A4734560E}"
EndProject
Global
	GlobalSection(SolutionConfigurationPlatforms) = preSolution
		Debug|Any CPU = Debug|Any CPU
		Release|Any CPU = Release|Any CPU
	EndGlobalSection
	GlobalSection(ProjectConfigurationPlatforms) = postSolution
		{7C545AFC-02DD-4E6D-84A4-7C3A4734560E}.Debug|Any CPU.ActiveCfg = Debug|Any CPU
		{7C545AFC-02DD-4E6D-84A4-7C3A4734560E}.Debug|Any CPU.Build.0 = Debug|Any CPU
		{7C545AFC-02DD-4E6D-84A4-7C3A4734560E}.Release|Any CPU.ActiveCfg = Release|Any CPU
		{7C545AFC-02DD-4E6D-84A4-7C3A4734560E}.Release|Any CPU.Build.0 = Release|Any CPU
	EndGlobalSection
	GlobalSection(SolutionProperties) = preSolution
		HideSolutionNode = FALSE
	EndGlobalSection
	GlobalSection(ExtensibilityGlobals) = postSolution
		SolutionGuid = {C173AD69-95C5-4702-B955-8CC85DCBBD76}
	EndGlobalSection
EndGlobal
